
Microsoft Visual Studio Solution File, Format Version 12.00
# Visual Studio 2012
Project("{E24C65DC-7377-472B-9ABA-BC803B73C61A}") = "trunk", ".", "{A13CA0BC-9B6A-4C63-848C-4AE260E6D412}"
	ProjectSection(WebsiteProperties) = preProject
		TargetFrameworkMoniker = ".NETFramework,Version%3Dv4.0"
		Debug.AspNetCompiler.VirtualPath = "/trunk"
		Debug.AspNetCompiler.PhysicalPath = "..\trunk\"
		Debug.AspNetCompiler.TargetPath = "PrecompiledWeb\trunk\"
		Debug.AspNetCompiler.Updateable = "true"
		Debug.AspNetCompiler.ForceOverwrite = "true"
		Debug.AspNetCompiler.FixedNames = "false"
		Debug.AspNetCompiler.Debug = "True"
		Release.AspNetCompiler.VirtualPath = "/trunk"
		Release.AspNetCompiler.PhysicalPath = "..\trunk\"
		Release.AspNetCompiler.TargetPath = "PrecompiledWeb\trunk\"
		Release.AspNetCompiler.Updateable = "true"
		Release.AspNetCompiler.ForceOverwrite = "true"
		Release.AspNetCompiler.FixedNames = "false"
		Release.AspNetCompiler.Debug = "False"
		VWDPort = "46672"
	EndProjectSection
EndProject
Global
	GlobalSection(SolutionConfigurationPlatforms) = preSolution
		Debug|Any CPU = Debug|Any CPU
	EndGlobalSection
	GlobalSection(ProjectConfigurationPlatforms) = postSolution
		{A13CA0BC-9B6A-4C63-848C-4AE260E6D412}.Debug|Any CPU.ActiveCfg = Debug|Any CPU
		{A13CA0BC-9B6A-4C63-848C-4AE260E6D412}.Debug|Any CPU.Build.0 = Debug|Any CPU
	EndGlobalSection
	GlobalSection(SolutionProperties) = preSolution
		HideSolutionNode = FALSE
	EndGlobalSection
EndGlobal
